
Microsoft Visual Studio Solution File, Format Version 12.00
# Visual Studio Version 17
VisualStudioVersion = 17.0.31903.59
MinimumVisualStudioVersion = 10.0.40219.1
Project("{2150E333-8FDC-42A3-9474-1A3956D46DE8}") = "src", "src", "{D6325B30-523E-4529-95D6-C9CB4B0603A0}"
EndProject
Project("{FAE04EC0-301F-11D3-BF4B-00C04F79EFBC}") = "KVATUM_CHATFLOW_SERVICE.Api", "src\KVATUM_CHATFLOW_SERVICE.Api\KVATUM_CHATFLOW_SERVICE.Api.csproj", "{0D1C324D-8A58-49D7-BF26-8E09CE20E127}"
EndProject
Project("{FAE04EC0-301F-11D3-BF4B-00C04F79EFBC}") = "KVATUM_CHATFLOW_SERVICE.App", "src\KVATUM_CHATFLOW_SERVICE.App\KVATUM_CHATFLOW_SERVICE.App.csproj", "{2C9C7B5F-619F-499F-B8BE-4937A86E02A2}"
EndProject
Project("{FAE04EC0-301F-11D3-BF4B-00C04F79EFBC}") = "KVATUM_CHATFLOW_SERVICE.Core", "src\KVATUM_CHATFLOW_SERVICE.Core\KVATUM_CHATFLOW_SERVICE.Core.csproj", "{7A4B32AE-6AB5-4FD2-AFDD-41E28C299C76}"
EndProject
Project("{FAE04EC0-301F-11D3-BF4B-00C04F79EFBC}") = "KVATUM_CHATFLOW_SERVICE.Infrastructure", "src\KVATUM_CHATFLOW_SERVICE.Infrastructure\KVATUM_CHATFLOW_SERVICE.Infrastructure.csproj", "{B1A908E3-545C-4B82-BF65-E7FE1A79319B}"
EndProject
Global
	GlobalSection(SolutionConfigurationPlatforms) = preSolution
		Debug|Any CPU = Debug|Any CPU
		Release|Any CPU = Release|Any CPU
	EndGlobalSection
	GlobalSection(SolutionProperties) = preSolution
		HideSolutionNode = FALSE
	EndGlobalSection
	GlobalSection(ProjectConfigurationPlatforms) = postSolution
		{0D1C324D-8A58-49D7-BF26-8E09CE20E127}.Debug|Any CPU.ActiveCfg = Debug|Any CPU
		{0D1C324D-8A58-49D7-BF26-8E09CE20E127}.Debug|Any CPU.Build.0 = Debug|Any CPU
		{0D1C324D-8A58-49D7-BF26-8E09CE20E127}.Release|Any CPU.ActiveCfg = Release|Any CPU
		{0D1C324D-8A58-49D7-BF26-8E09CE20E127}.Release|Any CPU.Build.0 = Release|Any CPU
		{2C9C7B5F-619F-499F-B8BE-4937A86E02A2}.Debug|Any CPU.ActiveCfg = Debug|Any CPU
		{2C9C7B5F-619F-499F-B8BE-4937A86E02A2}.Debug|Any CPU.Build.0 = Debug|Any CPU
		{2C9C7B5F-619F-499F-B8BE-4937A86E02A2}.Release|Any CPU.ActiveCfg = Release|Any CPU
		{2C9C7B5F-619F-499F-B8BE-4937A86E02A2}.Release|Any CPU.Build.0 = Release|Any CPU
		{7A4B32AE-6AB5-4FD2-AFDD-41E28C299C76}.Debug|Any CPU.ActiveCfg = Debug|Any CPU
		{7A4B32AE-6AB5-4FD2-AFDD-41E28C299C76}.Debug|Any CPU.Build.0 = Debug|Any CPU
		{7A4B32AE-6AB5-4FD2-AFDD-41E28C299C76}.Release|Any CPU.ActiveCfg = Release|Any CPU
		{7A4B32AE-6AB5-4FD2-AFDD-41E28C299C76}.Release|Any CPU.Build.0 = Release|Any CPU
		{B1A908E3-545C-4B82-BF65-E7FE1A79319B}.Debug|Any CPU.ActiveCfg = Debug|Any CPU
		{B1A908E3-545C-4B82-BF65-E7FE1A79319B}.Debug|Any CPU.Build.0 = Debug|Any CPU
		{B1A908E3-545C-4B82-BF65-E7FE1A79319B}.Release|Any CPU.ActiveCfg = Release|Any CPU
		{B1A908E3-545C-4B82-BF65-E7FE1A79319B}.Release|Any CPU.Build.0 = Release|Any CPU
	EndGlobalSection
	GlobalSection(NestedProjects) = preSolution
		{0D1C324D-8A58-49D7-BF26-8E09CE20E127} = {D6325B30-523E-4529-95D6-C9CB4B0603A0}
		{2C9C7B5F-619F-499F-B8BE-4937A86E02A2} = {D6325B30-523E-4529-95D6-C9CB4B0603A0}
		{7A4B32AE-6AB5-4FD2-AFDD-41E28C299C76} = {D6325B30-523E-4529-95D6-C9CB4B0603A0}
		{B1A908E3-545C-4B82-BF65-E7FE1A79319B} = {D6325B30-523E-4529-95D6-C9CB4B0603A0}
	EndGlobalSection
EndGlobal
