
Microsoft Visual Studio Solution File, Format Version 12.00
# Visual Studio Version 17
VisualStudioVersion = 17.0.31903.59
MinimumVisualStudioVersion = 10.0.40219.1
Project("{2150E333-8FDC-42A3-9474-1A3956D46DE8}") = "src", "src", "{4F1F0E64-7CF0-455E-8943-8CD48A6A8FCC}"
EndProject
Project("{FAE04EC0-301F-11D3-BF4B-00C04F79EFBC}") = "KVATUM_STREAMING_SERVICE.Api", "src\KVATUM_STREAMING_SERVICE.Api\KVATUM_STREAMING_SERVICE.Api.csproj", "{6DB1E147-6761-4BFB-94E7-B4A1315BB331}"
EndProject
Project("{FAE04EC0-301F-11D3-BF4B-00C04F79EFBC}") = "KVATUM_STREAMING_SERVICE.App", "src\KVATUM_STREAMING_SERVICE.App\KVATUM_STREAMING_SERVICE.App.csproj", "{752465F0-135B-4EC5-B929-4A2AC3AACC2B}"
EndProject
Project("{FAE04EC0-301F-11D3-BF4B-00C04F79EFBC}") = "KVATUM_STREAMING_SERVICE.Core", "src\KVATUM_STREAMING_SERVICE.Core\KVATUM_STREAMING_SERVICE.Core.csproj", "{B44A10C6-455C-4096-8859-4B98F5D74C5B}"
EndProject
Project("{FAE04EC0-301F-11D3-BF4B-00C04F79EFBC}") = "KVATUM_STREAMING_SERVICE.Infrastructure", "src\KVATUM_STREAMING_SERVICE.Infrastructure\KVATUM_STREAMING_SERVICE.Infrastructure.csproj", "{F93211B8-0E9A-4CC0-9AB8-762C182BE616}"
EndProject
Global
	GlobalSection(SolutionConfigurationPlatforms) = preSolution
		Debug|Any CPU = Debug|Any CPU
		Release|Any CPU = Release|Any CPU
	EndGlobalSection
	GlobalSection(SolutionProperties) = preSolution
		HideSolutionNode = FALSE
	EndGlobalSection
	GlobalSection(ProjectConfigurationPlatforms) = postSolution
		{6DB1E147-6761-4BFB-94E7-B4A1315BB331}.Debug|Any CPU.ActiveCfg = Debug|Any CPU
		{6DB1E147-6761-4BFB-94E7-B4A1315BB331}.Debug|Any CPU.Build.0 = Debug|Any CPU
		{6DB1E147-6761-4BFB-94E7-B4A1315BB331}.Release|Any CPU.ActiveCfg = Release|Any CPU
		{6DB1E147-6761-4BFB-94E7-B4A1315BB331}.Release|Any CPU.Build.0 = Release|Any CPU
		{752465F0-135B-4EC5-B929-4A2AC3AACC2B}.Debug|Any CPU.ActiveCfg = Debug|Any CPU
		{752465F0-135B-4EC5-B929-4A2AC3AACC2B}.Debug|Any CPU.Build.0 = Debug|Any CPU
		{752465F0-135B-4EC5-B929-4A2AC3AACC2B}.Release|Any CPU.ActiveCfg = Release|Any CPU
		{752465F0-135B-4EC5-B929-4A2AC3AACC2B}.Release|Any CPU.Build.0 = Release|Any CPU
		{B44A10C6-455C-4096-8859-4B98F5D74C5B}.Debug|Any CPU.ActiveCfg = Debug|Any CPU
		{B44A10C6-455C-4096-8859-4B98F5D74C5B}.Debug|Any CPU.Build.0 = Debug|Any CPU
		{B44A10C6-455C-4096-8859-4B98F5D74C5B}.Release|Any CPU.ActiveCfg = Release|Any CPU
		{B44A10C6-455C-4096-8859-4B98F5D74C5B}.Release|Any CPU.Build.0 = Release|Any CPU
		{F93211B8-0E9A-4CC0-9AB8-762C182BE616}.Debug|Any CPU.ActiveCfg = Debug|Any CPU
		{F93211B8-0E9A-4CC0-9AB8-762C182BE616}.Debug|Any CPU.Build.0 = Debug|Any CPU
		{F93211B8-0E9A-4CC0-9AB8-762C182BE616}.Release|Any CPU.ActiveCfg = Release|Any CPU
		{F93211B8-0E9A-4CC0-9AB8-762C182BE616}.Release|Any CPU.Build.0 = Release|Any CPU
	EndGlobalSection
	GlobalSection(NestedProjects) = preSolution
		{6DB1E147-6761-4BFB-94E7-B4A1315BB331} = {4F1F0E64-7CF0-455E-8943-8CD48A6A8FCC}
		{752465F0-135B-4EC5-B929-4A2AC3AACC2B} = {4F1F0E64-7CF0-455E-8943-8CD48A6A8FCC}
		{B44A10C6-455C-4096-8859-4B98F5D74C5B} = {4F1F0E64-7CF0-455E-8943-8CD48A6A8FCC}
		{F93211B8-0E9A-4CC0-9AB8-762C182BE616} = {4F1F0E64-7CF0-455E-8943-8CD48A6A8FCC}
	EndGlobalSection
EndGlobal
