
Microsoft Visual Studio Solution File, Format Version 12.00
# Visual Studio Version 17
VisualStudioVersion = 17.0.31903.59
MinimumVisualStudioVersion = 10.0.40219.1
Project("{FAE04EC0-301F-11D3-BF4B-00C04F79EFBC}") = "KVATUM_CHATFLOW_SERVICE.Core", "..\KVATUM_CHATFLOW_SERVICE.Core\KVATUM_CHATFLOW_SERVICE.Core.csproj", "{7BC2742C-1C6B-4F1B-B9A1-825FA69D572C}"
EndProject
Project("{FAE04EC0-301F-11D3-BF4B-00C04F79EFBC}") = "KVATUM_CHATFLOW_SERVICE.App", "..\KVATUM_CHATFLOW_SERVICE.App\KVATUM_CHATFLOW_SERVICE.App.csproj", "{C28A4DE5-583E-4138-8CA1-27E6C3CB557E}"
EndProject
Project("{FAE04EC0-301F-11D3-BF4B-00C04F79EFBC}") = "KVATUM_CHATFLOW_SERVICE.Infrastructure", "..\KVATUM_CHATFLOW_SERVICE.Infrastructure\KVATUM_CHATFLOW_SERVICE.Infrastructure.csproj", "{BF991AE5-0128-486C-86B2-EDFCDA0058ED}"
EndProject
Global
	GlobalSection(SolutionProperties) = preSolution
		HideSolutionNode = FALSE
	EndGlobalSection
	GlobalSection(SolutionConfigurationPlatforms) = preSolution
		Debug|Any CPU = Debug|Any CPU
		Debug|x64 = Debug|x64
		Debug|x86 = Debug|x86
		Release|Any CPU = Release|Any CPU
		Release|x64 = Release|x64
		Release|x86 = Release|x86
	EndGlobalSection
	GlobalSection(ProjectConfigurationPlatforms) = postSolution
		{7BC2742C-1C6B-4F1B-B9A1-825FA69D572C}.Debug|Any CPU.ActiveCfg = Debug|Any CPU
		{7BC2742C-1C6B-4F1B-B9A1-825FA69D572C}.Debug|Any CPU.Build.0 = Debug|Any CPU
		{7BC2742C-1C6B-4F1B-B9A1-825FA69D572C}.Debug|x64.ActiveCfg = Debug|Any CPU
		{7BC2742C-1C6B-4F1B-B9A1-825FA69D572C}.Debug|x64.Build.0 = Debug|Any CPU
		{7BC2742C-1C6B-4F1B-B9A1-825FA69D572C}.Debug|x86.ActiveCfg = Debug|Any CPU
		{7BC2742C-1C6B-4F1B-B9A1-825FA69D572C}.Debug|x86.Build.0 = Debug|Any CPU
		{7BC2742C-1C6B-4F1B-B9A1-825FA69D572C}.Release|Any CPU.ActiveCfg = Release|Any CPU
		{7BC2742C-1C6B-4F1B-B9A1-825FA69D572C}.Release|Any CPU.Build.0 = Release|Any CPU
		{7BC2742C-1C6B-4F1B-B9A1-825FA69D572C}.Release|x64.ActiveCfg = Release|Any CPU
		{7BC2742C-1C6B-4F1B-B9A1-825FA69D572C}.Release|x64.Build.0 = Release|Any CPU
		{7BC2742C-1C6B-4F1B-B9A1-825FA69D572C}.Release|x86.ActiveCfg = Release|Any CPU
		{7BC2742C-1C6B-4F1B-B9A1-825FA69D572C}.Release|x86.Build.0 = Release|Any CPU
		{C28A4DE5-583E-4138-8CA1-27E6C3CB557E}.Debug|Any CPU.ActiveCfg = Debug|Any CPU
		{C28A4DE5-583E-4138-8CA1-27E6C3CB557E}.Debug|Any CPU.Build.0 = Debug|Any CPU
		{C28A4DE5-583E-4138-8CA1-27E6C3CB557E}.Debug|x64.ActiveCfg = Debug|Any CPU
		{C28A4DE5-583E-4138-8CA1-27E6C3CB557E}.Debug|x64.Build.0 = Debug|Any CPU
		{C28A4DE5-583E-4138-8CA1-27E6C3CB557E}.Debug|x86.ActiveCfg = Debug|Any CPU
		{C28A4DE5-583E-4138-8CA1-27E6C3CB557E}.Debug|x86.Build.0 = Debug|Any CPU
		{C28A4DE5-583E-4138-8CA1-27E6C3CB557E}.Release|Any CPU.ActiveCfg = Release|Any CPU
		{C28A4DE5-583E-4138-8CA1-27E6C3CB557E}.Release|Any CPU.Build.0 = Release|Any CPU
		{C28A4DE5-583E-4138-8CA1-27E6C3CB557E}.Release|x64.ActiveCfg = Release|Any CPU
		{C28A4DE5-583E-4138-8CA1-27E6C3CB557E}.Release|x64.Build.0 = Release|Any CPU
		{C28A4DE5-583E-4138-8CA1-27E6C3CB557E}.Release|x86.ActiveCfg = Release|Any CPU
		{C28A4DE5-583E-4138-8CA1-27E6C3CB557E}.Release|x86.Build.0 = Release|Any CPU
		{BF991AE5-0128-486C-86B2-EDFCDA0058ED}.Debug|Any CPU.ActiveCfg = Debug|Any CPU
		{BF991AE5-0128-486C-86B2-EDFCDA0058ED}.Debug|Any CPU.Build.0 = Debug|Any CPU
		{BF991AE5-0128-486C-86B2-EDFCDA0058ED}.Debug|x64.ActiveCfg = Debug|Any CPU
		{BF991AE5-0128-486C-86B2-EDFCDA0058ED}.Debug|x64.Build.0 = Debug|Any CPU
		{BF991AE5-0128-486C-86B2-EDFCDA0058ED}.Debug|x86.ActiveCfg = Debug|Any CPU
		{BF991AE5-0128-486C-86B2-EDFCDA0058ED}.Debug|x86.Build.0 = Debug|Any CPU
		{BF991AE5-0128-486C-86B2-EDFCDA0058ED}.Release|Any CPU.ActiveCfg = Release|Any CPU
		{BF991AE5-0128-486C-86B2-EDFCDA0058ED}.Release|Any CPU.Build.0 = Release|Any CPU
		{BF991AE5-0128-486C-86B2-EDFCDA0058ED}.Release|x64.ActiveCfg = Release|Any CPU
		{BF991AE5-0128-486C-86B2-EDFCDA0058ED}.Release|x64.Build.0 = Release|Any CPU
		{BF991AE5-0128-486C-86B2-EDFCDA0058ED}.Release|x86.ActiveCfg = Release|Any CPU
		{BF991AE5-0128-486C-86B2-EDFCDA0058ED}.Release|x86.Build.0 = Release|Any CPU
	EndGlobalSection
EndGlobal
